
Microsoft Visual Studio Solution File, Format Version 12.00
# Visual Studio Version 17
VisualStudioVersion = 17.3.32825.248
MinimumVisualStudioVersion = 10.0.40219.1
Project("{FAE04EC0-301F-11D3-BF4B-00C04F79EFBC}") = "HouseholdIncomeAndExpences", "HouseholdIncomeAndExpences\HouseholdIncomeAndExpences.csproj", "{B330B0CC-4EDB-45AF-852E-473D4247C2DD}"
EndProject
Global
	GlobalSection(SolutionConfigurationPlatforms) = preSolution
		Debug|Any CPU = Debug|Any CPU
		Release|Any CPU = Release|Any CPU
	EndGlobalSection
	GlobalSection(ProjectConfigurationPlatforms) = postSolution
		{B330B0CC-4EDB-45AF-852E-473D4247C2DD}.Debug|Any CPU.ActiveCfg = Debug|Any CPU
		{B330B0CC-4EDB-45AF-852E-473D4247C2DD}.Debug|Any CPU.Build.0 = Debug|Any CPU
		{B330B0CC-4EDB-45AF-852E-473D4247C2DD}.Release|Any CPU.ActiveCfg = Release|Any CPU
		{B330B0CC-4EDB-45AF-852E-473D4247C2DD}.Release|Any CPU.Build.0 = Release|Any CPU
	EndGlobalSection
	GlobalSection(SolutionProperties) = preSolution
		HideSolutionNode = FALSE
	EndGlobalSection
	GlobalSection(ExtensibilityGlobals) = postSolution
		SolutionGuid = {5D3D68B3-32E9-4E59-89A0-5EF7A7F28C9C}
	EndGlobalSection
EndGlobal
